
Microsoft Visual Studio Solution File, Format Version 12.00
# Visual Studio Version 17
VisualStudioVersion = 17.14.36221.1 d17.14
MinimumVisualStudioVersion = 10.0.40219.1
Project("{FAE04EC0-301F-11D3-BF4B-00C04F79EFBC}") = "StoryPlannerApi", "StoryPlannerApi.csproj", "{A7C8FB0D-EFAA-4451-BFE1-F4600D3E3900}"
EndProject
Global
	GlobalSection(SolutionConfigurationPlatforms) = preSolution
		Debug|Any CPU = Debug|Any CPU
		Release|Any CPU = Release|Any CPU
	EndGlobalSection
	GlobalSection(ProjectConfigurationPlatforms) = postSolution
		{A7C8FB0D-EFAA-4451-BFE1-F4600D3E3900}.Debug|Any CPU.ActiveCfg = Debug|Any CPU
		{A7C8FB0D-EFAA-4451-BFE1-F4600D3E3900}.Debug|Any CPU.Build.0 = Debug|Any CPU
		{A7C8FB0D-EFAA-4451-BFE1-F4600D3E3900}.Release|Any CPU.ActiveCfg = Release|Any CPU
		{A7C8FB0D-EFAA-4451-BFE1-F4600D3E3900}.Release|Any CPU.Build.0 = Release|Any CPU
	EndGlobalSection
	GlobalSection(SolutionProperties) = preSolution
		HideSolutionNode = FALSE
	EndGlobalSection
	GlobalSection(ExtensibilityGlobals) = postSolution
		SolutionGuid = {D8FF2E8E-131F-4C2E-9EF7-BC6DA1BC32A4}
	EndGlobalSection
EndGlobal
